
Microsoft Visual Studio Solution File, Format Version 12.00
# Visual Studio 2013
VisualStudioVersion = 12.0.30501.0
MinimumVisualStudioVersion = 10.0.40219.1
Project("{A81B4A23-AF18-4B01-8944-84D6FB3D4B47}") = "programming_Cal", "programming_Cal\programming_Cal.iceproj", "{0353F54B-B060-4A9A-8D37-02A69F4486E2}"
EndProject
Global
	GlobalSection(SolutionConfigurationPlatforms) = preSolution
		Debug|Any CPU = Debug|Any CPU
		Release|Any CPU = Release|Any CPU
	EndGlobalSection
	GlobalSection(ProjectConfigurationPlatforms) = postSolution
		{0353F54B-B060-4A9A-8D37-02A69F4486E2}.Debug|Any CPU.ActiveCfg = Debug|Any CPU
		{0353F54B-B060-4A9A-8D37-02A69F4486E2}.Debug|Any CPU.Build.0 = Debug|Any CPU
		{0353F54B-B060-4A9A-8D37-02A69F4486E2}.Release|Any CPU.ActiveCfg = Release|Any CPU
		{0353F54B-B060-4A9A-8D37-02A69F4486E2}.Release|Any CPU.Build.0 = Release|Any CPU
	EndGlobalSection
	GlobalSection(SolutionProperties) = preSolution
		HideSolutionNode = FALSE
	EndGlobalSection
EndGlobal
